
Microsoft Visual Studio Solution File, Format Version 12.00
# Visual Studio Version 16
VisualStudioVersion = 16.0.29503.13
MinimumVisualStudioVersion = 10.0.40219.1
Project("{9A19103F-16F7-4668-BE54-9A1E7A4F7556}") = "Lozo", "Lozo.csproj", "{0BA7A0D4-FCF9-45C9-B7B8-17EA1AE22BBB}"
EndProject
Project("{FAE04EC0-301F-11D3-BF4B-00C04F79EFBC}") = "LozoTests", "..\LozoTests\LozoTests.csproj", "{472420CE-AEBF-45AD-B27B-6C6FED1709F6}"
EndProject
Global
	GlobalSection(SolutionConfigurationPlatforms) = preSolution
		Debug|Any CPU = Debug|Any CPU
		Release|Any CPU = Release|Any CPU
	EndGlobalSection
	GlobalSection(ProjectConfigurationPlatforms) = postSolution
		{0BA7A0D4-FCF9-45C9-B7B8-17EA1AE22BBB}.Debug|Any CPU.ActiveCfg = Debug|Any CPU
		{0BA7A0D4-FCF9-45C9-B7B8-17EA1AE22BBB}.Debug|Any CPU.Build.0 = Debug|Any CPU
		{0BA7A0D4-FCF9-45C9-B7B8-17EA1AE22BBB}.Release|Any CPU.ActiveCfg = Release|Any CPU
		{0BA7A0D4-FCF9-45C9-B7B8-17EA1AE22BBB}.Release|Any CPU.Build.0 = Release|Any CPU
		{472420CE-AEBF-45AD-B27B-6C6FED1709F6}.Debug|Any CPU.ActiveCfg = Debug|Any CPU
		{472420CE-AEBF-45AD-B27B-6C6FED1709F6}.Debug|Any CPU.Build.0 = Debug|Any CPU
		{472420CE-AEBF-45AD-B27B-6C6FED1709F6}.Release|Any CPU.ActiveCfg = Release|Any CPU
		{472420CE-AEBF-45AD-B27B-6C6FED1709F6}.Release|Any CPU.Build.0 = Release|Any CPU
	EndGlobalSection
	GlobalSection(SolutionProperties) = preSolution
		HideSolutionNode = FALSE
	EndGlobalSection
	GlobalSection(ExtensibilityGlobals) = postSolution
		SolutionGuid = {E87AE572-9097-4694-ACE5-5D4E901991E6}
	EndGlobalSection
EndGlobal
